
Microsoft Visual Studio Solution File, Format Version 12.00
# Visual Studio Version 17
VisualStudioVersion = 17.14.36811.4 d17.14
MinimumVisualStudioVersion = 10.0.40219.1
Project("{FAE04EC0-301F-11D3-BF4B-00C04F79EFBC}") = "SB_API", "SB_API\SB_API.csproj", "{7506265D-69CF-4F41-8EB4-49B180AED3F2}"
EndProject
Project("{FAE04EC0-301F-11D3-BF4B-00C04F79EFBC}") = "SB_BusinessObjects", "SB_BusinessObjects\SB_BusinessObjects.csproj", "{99220437-C48F-45A2-A062-0245DE7CE264}"
EndProject
Project("{FAE04EC0-301F-11D3-BF4B-00C04F79EFBC}") = "SB_Repositories", "SB_Repositories\SB_Repositories.csproj", "{E37F5EDF-F665-4C01-8F24-53FFF3147C63}"
EndProject
Project("{FAE04EC0-301F-11D3-BF4B-00C04F79EFBC}") = "SB_Services", "SB_Services\SB_Services.csproj", "{A8CB7106-F4E9-44DB-939D-4BC003C4C54D}"
EndProject
Global
	GlobalSection(SolutionConfigurationPlatforms) = preSolution
		Debug|Any CPU = Debug|Any CPU
		Release|Any CPU = Release|Any CPU
	EndGlobalSection
	GlobalSection(ProjectConfigurationPlatforms) = postSolution
		{7506265D-69CF-4F41-8EB4-49B180AED3F2}.Debug|Any CPU.ActiveCfg = Debug|Any CPU
		{7506265D-69CF-4F41-8EB4-49B180AED3F2}.Debug|Any CPU.Build.0 = Debug|Any CPU
		{7506265D-69CF-4F41-8EB4-49B180AED3F2}.Release|Any CPU.ActiveCfg = Release|Any CPU
		{7506265D-69CF-4F41-8EB4-49B180AED3F2}.Release|Any CPU.Build.0 = Release|Any CPU
		{99220437-C48F-45A2-A062-0245DE7CE264}.Debug|Any CPU.ActiveCfg = Debug|Any CPU
		{99220437-C48F-45A2-A062-0245DE7CE264}.Debug|Any CPU.Build.0 = Debug|Any CPU
		{99220437-C48F-45A2-A062-0245DE7CE264}.Release|Any CPU.ActiveCfg = Release|Any CPU
		{99220437-C48F-45A2-A062-0245DE7CE264}.Release|Any CPU.Build.0 = Release|Any CPU
		{E37F5EDF-F665-4C01-8F24-53FFF3147C63}.Debug|Any CPU.ActiveCfg = Debug|Any CPU
		{E37F5EDF-F665-4C01-8F24-53FFF3147C63}.Debug|Any CPU.Build.0 = Debug|Any CPU
		{E37F5EDF-F665-4C01-8F24-53FFF3147C63}.Release|Any CPU.ActiveCfg = Release|Any CPU
		{E37F5EDF-F665-4C01-8F24-53FFF3147C63}.Release|Any CPU.Build.0 = Release|Any CPU
		{A8CB7106-F4E9-44DB-939D-4BC003C4C54D}.Debug|Any CPU.ActiveCfg = Debug|Any CPU
		{A8CB7106-F4E9-44DB-939D-4BC003C4C54D}.Debug|Any CPU.Build.0 = Debug|Any CPU
		{A8CB7106-F4E9-44DB-939D-4BC003C4C54D}.Release|Any CPU.ActiveCfg = Release|Any CPU
		{A8CB7106-F4E9-44DB-939D-4BC003C4C54D}.Release|Any CPU.Build.0 = Release|Any CPU
	EndGlobalSection
	GlobalSection(SolutionProperties) = preSolution
		HideSolutionNode = FALSE
	EndGlobalSection
	GlobalSection(ExtensibilityGlobals) = postSolution
		SolutionGuid = {27872DFE-4C7A-4404-AD99-058D7D8A61B3}
	EndGlobalSection
EndGlobal
