
Microsoft Visual Studio Solution File, Format Version 12.00
# Visual Studio Version 17
VisualStudioVersion = 17.14.36811.4
MinimumVisualStudioVersion = 10.0.40219.1
Project("{FAE04EC0-301F-11D3-BF4B-00C04F79EFBC}") = "SB_API", "SB_API\SB_API.csproj", "{7506265D-69CF-4F41-8EB4-49B180AED3F2}"
EndProject
Project("{FAE04EC0-301F-11D3-BF4B-00C04F79EFBC}") = "SB_BusinessObjects", "SB_BusinessObjects\SB_BusinessObjects.csproj", "{1D5E350C-52A8-4856-9B71-45EA7089F79B}"
EndProject
Project("{FAE04EC0-301F-11D3-BF4B-00C04F79EFBC}") = "SB_Repositories", "SB_Repositories\SB_Repositories.csproj", "{46AC36C6-B504-4F24-A7B5-BF2D0809A9B6}"
EndProject
Project("{FAE04EC0-301F-11D3-BF4B-00C04F79EFBC}") = "SB_Services", "SB_Services\SB_Services.csproj", "{04C789C5-7A65-41C9-AEE8-AC91C885CECD}"
EndProject
Global
	GlobalSection(SolutionConfigurationPlatforms) = preSolution
		Debug|Any CPU = Debug|Any CPU
		Debug|x64 = Debug|x64
		Debug|x86 = Debug|x86
		Release|Any CPU = Release|Any CPU
		Release|x64 = Release|x64
		Release|x86 = Release|x86
	EndGlobalSection
	GlobalSection(ProjectConfigurationPlatforms) = postSolution
		{7506265D-69CF-4F41-8EB4-49B180AED3F2}.Debug|Any CPU.ActiveCfg = Debug|Any CPU
		{7506265D-69CF-4F41-8EB4-49B180AED3F2}.Debug|Any CPU.Build.0 = Debug|Any CPU
		{7506265D-69CF-4F41-8EB4-49B180AED3F2}.Debug|x64.ActiveCfg = Debug|Any CPU
		{7506265D-69CF-4F41-8EB4-49B180AED3F2}.Debug|x64.Build.0 = Debug|Any CPU
		{7506265D-69CF-4F41-8EB4-49B180AED3F2}.Debug|x86.ActiveCfg = Debug|Any CPU
		{7506265D-69CF-4F41-8EB4-49B180AED3F2}.Debug|x86.Build.0 = Debug|Any CPU
		{7506265D-69CF-4F41-8EB4-49B180AED3F2}.Release|Any CPU.ActiveCfg = Release|Any CPU
		{7506265D-69CF-4F41-8EB4-49B180AED3F2}.Release|Any CPU.Build.0 = Release|Any CPU
		{7506265D-69CF-4F41-8EB4-49B180AED3F2}.Release|x64.ActiveCfg = Release|Any CPU
		{7506265D-69CF-4F41-8EB4-49B180AED3F2}.Release|x64.Build.0 = Release|Any CPU
		{7506265D-69CF-4F41-8EB4-49B180AED3F2}.Release|x86.ActiveCfg = Release|Any CPU
		{7506265D-69CF-4F41-8EB4-49B180AED3F2}.Release|x86.Build.0 = Release|Any CPU
		{1D5E350C-52A8-4856-9B71-45EA7089F79B}.Debug|Any CPU.ActiveCfg = Debug|Any CPU
		{1D5E350C-52A8-4856-9B71-45EA7089F79B}.Debug|Any CPU.Build.0 = Debug|Any CPU
		{1D5E350C-52A8-4856-9B71-45EA7089F79B}.Debug|x64.ActiveCfg = Debug|Any CPU
		{1D5E350C-52A8-4856-9B71-45EA7089F79B}.Debug|x64.Build.0 = Debug|Any CPU
		{1D5E350C-52A8-4856-9B71-45EA7089F79B}.Debug|x86.ActiveCfg = Debug|Any CPU
		{1D5E350C-52A8-4856-9B71-45EA7089F79B}.Debug|x86.Build.0 = Debug|Any CPU
		{1D5E350C-52A8-4856-9B71-45EA7089F79B}.Release|Any CPU.ActiveCfg = Release|Any CPU
		{1D5E350C-52A8-4856-9B71-45EA7089F79B}.Release|Any CPU.Build.0 = Release|Any CPU
		{1D5E350C-52A8-4856-9B71-45EA7089F79B}.Release|x64.ActiveCfg = Release|Any CPU
		{1D5E350C-52A8-4856-9B71-45EA7089F79B}.Release|x64.Build.0 = Release|Any CPU
		{1D5E350C-52A8-4856-9B71-45EA7089F79B}.Release|x86.ActiveCfg = Release|Any CPU
		{1D5E350C-52A8-4856-9B71-45EA7089F79B}.Release|x86.Build.0 = Release|Any CPU
		{46AC36C6-B504-4F24-A7B5-BF2D0809A9B6}.Debug|Any CPU.ActiveCfg = Debug|Any CPU
		{46AC36C6-B504-4F24-A7B5-BF2D0809A9B6}.Debug|Any CPU.Build.0 = Debug|Any CPU
		{46AC36C6-B504-4F24-A7B5-BF2D0809A9B6}.Debug|x64.ActiveCfg = Debug|Any CPU
		{46AC36C6-B504-4F24-A7B5-BF2D0809A9B6}.Debug|x64.Build.0 = Debug|Any CPU
		{46AC36C6-B504-4F24-A7B5-BF2D0809A9B6}.Debug|x86.ActiveCfg = Debug|Any CPU
		{46AC36C6-B504-4F24-A7B5-BF2D0809A9B6}.Debug|x86.Build.0 = Debug|Any CPU
		{46AC36C6-B504-4F24-A7B5-BF2D0809A9B6}.Release|Any CPU.ActiveCfg = Release|Any CPU
		{46AC36C6-B504-4F24-A7B5-BF2D0809A9B6}.Release|Any CPU.Build.0 = Release|Any CPU
		{46AC36C6-B504-4F24-A7B5-BF2D0809A9B6}.Release|x64.ActiveCfg = Release|Any CPU
		{46AC36C6-B504-4F24-A7B5-BF2D0809A9B6}.Release|x64.Build.0 = Release|Any CPU
		{46AC36C6-B504-4F24-A7B5-BF2D0809A9B6}.Release|x86.ActiveCfg = Release|Any CPU
		{46AC36C6-B504-4F24-A7B5-BF2D0809A9B6}.Release|x86.Build.0 = Release|Any CPU
		{04C789C5-7A65-41C9-AEE8-AC91C885CECD}.Debug|Any CPU.ActiveCfg = Debug|Any CPU
		{04C789C5-7A65-41C9-AEE8-AC91C885CECD}.Debug|Any CPU.Build.0 = Debug|Any CPU
		{04C789C5-7A65-41C9-AEE8-AC91C885CECD}.Debug|x64.ActiveCfg = Debug|Any CPU
		{04C789C5-7A65-41C9-AEE8-AC91C885CECD}.Debug|x64.Build.0 = Debug|Any CPU
		{04C789C5-7A65-41C9-AEE8-AC91C885CECD}.Debug|x86.ActiveCfg = Debug|Any CPU
		{04C789C5-7A65-41C9-AEE8-AC91C885CECD}.Debug|x86.Build.0 = Debug|Any CPU
		{04C789C5-7A65-41C9-AEE8-AC91C885CECD}.Release|Any CPU.ActiveCfg = Release|Any CPU
		{04C789C5-7A65-41C9-AEE8-AC91C885CECD}.Release|Any CPU.Build.0 = Release|Any CPU
		{04C789C5-7A65-41C9-AEE8-AC91C885CECD}.Release|x64.ActiveCfg = Release|Any CPU
		{04C789C5-7A65-41C9-AEE8-AC91C885CECD}.Release|x64.Build.0 = Release|Any CPU
		{04C789C5-7A65-41C9-AEE8-AC91C885CECD}.Release|x86.ActiveCfg = Release|Any CPU
		{04C789C5-7A65-41C9-AEE8-AC91C885CECD}.Release|x86.Build.0 = Release|Any CPU
	EndGlobalSection
	GlobalSection(SolutionProperties) = preSolution
		HideSolutionNode = FALSE
	EndGlobalSection
	GlobalSection(ExtensibilityGlobals) = postSolution
		SolutionGuid = {27872DFE-4C7A-4404-AD99-058D7D8A61B3}
	EndGlobalSection
EndGlobal
